
Microsoft Visual Studio Solution File, Format Version 12.00
# Visual Studio Version 16
VisualStudioVersion = 16.0.30406.217
MinimumVisualStudioVersion = 10.0.40219.1
Project("{FAE04EC0-301F-11D3-BF4B-00C04F79EFBC}") = "CapaDatos", "CapaDatos\CapaDatos.csproj", "{5133F9D0-6BB1-48B4-9088-1FEECFED12EA}"
EndProject
Project("{FAE04EC0-301F-11D3-BF4B-00C04F79EFBC}") = "CapaEntidades", "CapaEntidades\CapaEntidades.csproj", "{0B7204AD-5774-4B4C-BA09-7E5A06ABC52B}"
EndProject
Project("{FAE04EC0-301F-11D3-BF4B-00C04F79EFBC}") = "CapaNegocios", "CapaNegocios\CapaNegocios.csproj", "{4259C3BE-58B4-4DB6-9A47-F8F1858B5582}"
EndProject
Project("{FAE04EC0-301F-11D3-BF4B-00C04F79EFBC}") = "CapaPresentacion", "CapaPresentacion\CapaPresentacion.csproj", "{6D30EA48-02DD-4A77-979C-BB2EA57F1525}"
EndProject
Global
	GlobalSection(SolutionConfigurationPlatforms) = preSolution
		Debug|Any CPU = Debug|Any CPU
		Release|Any CPU = Release|Any CPU
	EndGlobalSection
	GlobalSection(ProjectConfigurationPlatforms) = postSolution
		{5133F9D0-6BB1-48B4-9088-1FEECFED12EA}.Debug|Any CPU.ActiveCfg = Debug|Any CPU
		{5133F9D0-6BB1-48B4-9088-1FEECFED12EA}.Debug|Any CPU.Build.0 = Debug|Any CPU
		{5133F9D0-6BB1-48B4-9088-1FEECFED12EA}.Release|Any CPU.ActiveCfg = Release|Any CPU
		{5133F9D0-6BB1-48B4-9088-1FEECFED12EA}.Release|Any CPU.Build.0 = Release|Any CPU
		{0B7204AD-5774-4B4C-BA09-7E5A06ABC52B}.Debug|Any CPU.ActiveCfg = Debug|Any CPU
		{0B7204AD-5774-4B4C-BA09-7E5A06ABC52B}.Debug|Any CPU.Build.0 = Debug|Any CPU
		{0B7204AD-5774-4B4C-BA09-7E5A06ABC52B}.Release|Any CPU.ActiveCfg = Release|Any CPU
		{0B7204AD-5774-4B4C-BA09-7E5A06ABC52B}.Release|Any CPU.Build.0 = Release|Any CPU
		{4259C3BE-58B4-4DB6-9A47-F8F1858B5582}.Debug|Any CPU.ActiveCfg = Debug|Any CPU
		{4259C3BE-58B4-4DB6-9A47-F8F1858B5582}.Debug|Any CPU.Build.0 = Debug|Any CPU
		{4259C3BE-58B4-4DB6-9A47-F8F1858B5582}.Release|Any CPU.ActiveCfg = Release|Any CPU
		{4259C3BE-58B4-4DB6-9A47-F8F1858B5582}.Release|Any CPU.Build.0 = Release|Any CPU
		{6D30EA48-02DD-4A77-979C-BB2EA57F1525}.Debug|Any CPU.ActiveCfg = Debug|Any CPU
		{6D30EA48-02DD-4A77-979C-BB2EA57F1525}.Debug|Any CPU.Build.0 = Debug|Any CPU
		{6D30EA48-02DD-4A77-979C-BB2EA57F1525}.Release|Any CPU.ActiveCfg = Release|Any CPU
		{6D30EA48-02DD-4A77-979C-BB2EA57F1525}.Release|Any CPU.Build.0 = Release|Any CPU
	EndGlobalSection
	GlobalSection(SolutionProperties) = preSolution
		HideSolutionNode = FALSE
	EndGlobalSection
	GlobalSection(ExtensibilityGlobals) = postSolution
		SolutionGuid = {EB9AF317-B70C-4FD8-B83F-8AD9DB9C07E2}
	EndGlobalSection
EndGlobal
